
Microsoft Visual Studio Solution File, Format Version 12.00
Project("{FAE04EC0-301F-11D3-BF4B-00C04F79EFBC}") = "Engine", "Engine\Engine.csproj", "{3136D34A-2705-402B-8D73-E8717DC95552}"
EndProject
Project("{FAE04EC0-301F-11D3-BF4B-00C04F79EFBC}") = "Engine.Tests", "Engine.Tests\Engine.Tests.csproj", "{73AE1205-F439-492A-B8A0-C527C7328B6A}"
EndProject
Project("{2150E333-8FDC-42A3-9474-1A3956D46DE8}") = "Solution Items", "Solution Items", "{9818CE8F-8457-4F28-95BD-E3A087583810}"
	ProjectSection(SolutionItems) = preProject
		..\README.md = ..\README.md
		..\LICENSE = ..\LICENSE
	EndProjectSection
EndProject
Project("{2150E333-8FDC-42A3-9474-1A3956D46DE8}") = "Scripts", "Scripts", "{2D6AD9E8-C053-4E9F-9A55-87B5FE1266FF}"
	ProjectSection(SolutionItems) = preProject
		..\test.sh = ..\test.sh
		..\console-test.sh = ..\console-test.sh
		..\perftree.sh = ..\perftree.sh
		..\console-test.bat = ..\console-test.bat
	EndProjectSection
EndProject
Project("{FAE04EC0-301F-11D3-BF4B-00C04F79EFBC}") = "Engine.ConsoleTests", "Engine.ConsoleTests\Engine.ConsoleTests.csproj", "{EE9A2348-8C3A-493F-AC28-403AB5A15F98}"
EndProject
Project("{FAE04EC0-301F-11D3-BF4B-00C04F79EFBC}") = "Engine.PerfTreeClient", "Engine.PerfTreeClient\Engine.PerfTreeClient.csproj", "{B0D3CA7C-2409-4D7C-B8BB-7848708237CD}"
EndProject
Global
	GlobalSection(SolutionConfigurationPlatforms) = preSolution
		Debug|Any CPU = Debug|Any CPU
		Release|Any CPU = Release|Any CPU
	EndGlobalSection
	GlobalSection(ProjectConfigurationPlatforms) = postSolution
		{3136D34A-2705-402B-8D73-E8717DC95552}.Debug|Any CPU.ActiveCfg = Debug|Any CPU
		{3136D34A-2705-402B-8D73-E8717DC95552}.Debug|Any CPU.Build.0 = Debug|Any CPU
		{3136D34A-2705-402B-8D73-E8717DC95552}.Release|Any CPU.ActiveCfg = Release|Any CPU
		{3136D34A-2705-402B-8D73-E8717DC95552}.Release|Any CPU.Build.0 = Release|Any CPU
		{73AE1205-F439-492A-B8A0-C527C7328B6A}.Debug|Any CPU.ActiveCfg = Debug|Any CPU
		{73AE1205-F439-492A-B8A0-C527C7328B6A}.Debug|Any CPU.Build.0 = Debug|Any CPU
		{73AE1205-F439-492A-B8A0-C527C7328B6A}.Release|Any CPU.ActiveCfg = Release|Any CPU
		{73AE1205-F439-492A-B8A0-C527C7328B6A}.Release|Any CPU.Build.0 = Release|Any CPU
		{EE9A2348-8C3A-493F-AC28-403AB5A15F98}.Debug|Any CPU.ActiveCfg = Debug|Any CPU
		{EE9A2348-8C3A-493F-AC28-403AB5A15F98}.Debug|Any CPU.Build.0 = Debug|Any CPU
		{EE9A2348-8C3A-493F-AC28-403AB5A15F98}.Release|Any CPU.ActiveCfg = Release|Any CPU
		{EE9A2348-8C3A-493F-AC28-403AB5A15F98}.Release|Any CPU.Build.0 = Release|Any CPU
		{B0D3CA7C-2409-4D7C-B8BB-7848708237CD}.Debug|Any CPU.ActiveCfg = Debug|Any CPU
		{B0D3CA7C-2409-4D7C-B8BB-7848708237CD}.Debug|Any CPU.Build.0 = Debug|Any CPU
		{B0D3CA7C-2409-4D7C-B8BB-7848708237CD}.Release|Any CPU.ActiveCfg = Release|Any CPU
		{B0D3CA7C-2409-4D7C-B8BB-7848708237CD}.Release|Any CPU.Build.0 = Release|Any CPU
	EndGlobalSection
EndGlobal
